
Microsoft Visual Studio Solution File, Format Version 12.00
# Visual Studio 14
VisualStudioVersion = 14.0.23107.0
MinimumVisualStudioVersion = 10.0.40219.1
Project("{FAE04EC0-301F-11D3-BF4B-00C04F79EFBC}") = "Ezreal", "Ezreal\Ezreal.csproj", "{50100F8A-25A3-43CB-B08D-E26C2947AF54}"
EndProject
Global
	GlobalSection(SolutionConfigurationPlatforms) = preSolution
		Debug|Any CPU = Debug|Any CPU
		Release|Any CPU = Release|Any CPU
	EndGlobalSection
	GlobalSection(ProjectConfigurationPlatforms) = postSolution
		{50100F8A-25A3-43CB-B08D-E26C2947AF54}.Debug|Any CPU.ActiveCfg = Debug|x86
		{50100F8A-25A3-43CB-B08D-E26C2947AF54}.Debug|Any CPU.Build.0 = Debug|x86
		{50100F8A-25A3-43CB-B08D-E26C2947AF54}.Release|Any CPU.ActiveCfg = Release|Any CPU
		{50100F8A-25A3-43CB-B08D-E26C2947AF54}.Release|Any CPU.Build.0 = Release|Any CPU
	EndGlobalSection
	GlobalSection(SolutionProperties) = preSolution
		HideSolutionNode = FALSE
	EndGlobalSection
EndGlobal
